hash: d5613074a4bf341910bc1084cd35c91802ea9208475eac20da9c77bb9442e73a
updated: 2018-02-01T20:39:05.4200208+01:00
imports:
- name: github.com/AndreasBriese/bbloom
  version: 28f7e881ca57bc00e028f9ede9f0d9104cfeef5e
- name: github.com/dgraph-io/badger
  version: 69611218c7078be6de16f4ea13fb256e701b6b73
  subpackages:
  - options
  - protos
  - skl
  - table
  - "y"
- name: github.com/dgryski/go-farm
  version: 2de33835d10275975374b37b2dcfd22c9020a1f5
- name: github.com/disintegration/letteravatar
  version: 1a457b860450eb157f092fdc511993cfa621cc37
- name: github.com/golang/freetype
  version: e2365dfdc4a05e4b8299a783240d4a7d5a65d4e4
  subpackages:
  - raster
  - truetype
- name: github.com/golang/protobuf
  version: 925541529c1fa6821df4e44ce2723319eb2be768
  subpackages:
  - proto
- name: github.com/matrix-org/gomatrix
  version: a7fc80c8060c2544fe5d4dae465b584f8e9b4e27
- name: github.com/Nordgedanken/dugong
  version: 2b75352cdaf6ead9b26ee7fec0b0df0d9a10a201
- name: github.com/opennota/byteutil
  version: ab92d6ce89426c4e4a067b1ce7ec1ac1a98715db
- name: github.com/opennota/linkify
  version: b26789c088ce775219101836d8473583e2325536
- name: github.com/pkg/errors
  version: 645ef00459ed84a119197bfb8d8205042c6df63d
- name: github.com/pkg/profile
  version: 5b67d428864e92711fcbd2f8629456121a56d91f
- name: github.com/rhinoman/go-commonmark
  version: baf45d40250496d71f6431a5361c52b6d1f63c5c
- name: github.com/shibukawa/configdir
  version: e180dbdc8da04c4fa04272e875ce64949f38bd3e
- name: github.com/sirupsen/logrus
  version: d682213848ed68c0a260ca37d6dd5ace8423f5ba
- name: golang.org/x/crypto
  version: 1875d0a70c90e57f11972aefd42276df65e895b9
  subpackages:
  - ssh/terminal
- name: golang.org/x/image
  version: 12117c17ca67ffa1ce22e9409f3b0b0a93ac08c7
  subpackages:
  - bmp
  - font
  - math/fixed
  - riff
  - tiff
  - webp
- name: golang.org/x/net
  version: 309822c5b9b9f80db67f016069a12628d94fad34
  subpackages:
  - context
  - html
  - html/atom
  - html/charset
  - internal/timeseries
  - trace
- name: golang.org/x/sys
  version: 8f27ce8a604014414f8dfffc25cbcde83a3f2216
  subpackages:
  - unix
  - windows
testImports:
- name: github.com/onsi/ginkgo
  version: 9eda700730cba42af70d53180f9dcce9266bc2bc
  subpackages:
  - config
  - internal/codelocation
  - internal/containernode
  - internal/failer
  - internal/leafnodes
  - internal/remote
  - internal/spec
  - internal/spec_iterator
  - internal/specrunner
  - internal/suite
  - internal/testingtproxy
  - internal/writer
  - reporters
  - reporters/stenographer
  - reporters/stenographer/support/go-colorable
  - reporters/stenographer/support/go-isatty
  - types
- name: github.com/onsi/gomega
  version: 003f63b7f4cff3fc95357005358af2de0f5fe152
  subpackages:
  - format
  - internal/assertion
  - internal/asyncassertion
  - internal/oraclematcher
  - internal/testingtsupport
  - matchers
  - matchers/support/goraph/bipartitegraph
  - matchers/support/goraph/edge
  - matchers/support/goraph/node
  - matchers/support/goraph/util
  - types
- name: golang.org/x/text
  version: e19ae1496984b1c655b8044a65c0300a3c878dd3
  subpackages:
  - encoding
  - encoding/charmap
  - encoding/htmlindex
  - encoding/internal
  - encoding/internal/identifier
  - encoding/japanese
  - encoding/korean
  - encoding/simplifiedchinese
  - encoding/traditionalchinese
  - encoding/unicode
  - internal/tag
  - internal/utf8internal
  - language
  - runes
  - transform
- name: gopkg.in/yaml.v2
  version: d670f9405373e636a5a2765eea47fac0c9bc91a4
